
Microsoft Visual Studio Solution File, Format Version 12.00
# Visual Studio Version 16
VisualStudioVersion = 16.0.29306.81
MinimumVisualStudioVersion = 10.0.40219.1
Project("{FAE04EC0-301F-11D3-BF4B-00C04F79EFBC}") = "FakeRESTApi.Web", "FakeRESTApi.Web\FakeRESTApi.Web.csproj", "{754AAAEB-7563-40C1-84DA-5881DC1F026F}"
EndProject
Project("{FAE04EC0-301F-11D3-BF4B-00C04F79EFBC}") = "FakeRESTApi.Models", "FakeRESTApi.Models\FakeRESTApi.Models.csproj", "{74527BD4-FAAD-498C-8F1E-482A4C90E786}"
EndProject
Global
	GlobalSection(SolutionConfigurationPlatforms) = preSolution
		Debug|Any CPU = Debug|Any CPU
		Release|Any CPU = Release|Any CPU
	EndGlobalSection
	GlobalSection(ProjectConfigurationPlatforms) = postSolution
		{754AAAEB-7563-40C1-84DA-5881DC1F026F}.Debug|Any CPU.ActiveCfg = Debug|Any CPU
		{754AAAEB-7563-40C1-84DA-5881DC1F026F}.Debug|Any CPU.Build.0 = Debug|Any CPU
		{754AAAEB-7563-40C1-84DA-5881DC1F026F}.Release|Any CPU.ActiveCfg = Release|Any CPU
		{754AAAEB-7563-40C1-84DA-5881DC1F026F}.Release|Any CPU.Build.0 = Release|Any CPU
		{74527BD4-FAAD-498C-8F1E-482A4C90E786}.Debug|Any CPU.ActiveCfg = Debug|Any CPU
		{74527BD4-FAAD-498C-8F1E-482A4C90E786}.Debug|Any CPU.Build.0 = Debug|Any CPU
		{74527BD4-FAAD-498C-8F1E-482A4C90E786}.Release|Any CPU.ActiveCfg = Release|Any CPU
		{74527BD4-FAAD-498C-8F1E-482A4C90E786}.Release|Any CPU.Build.0 = Release|Any CPU
	EndGlobalSection
	GlobalSection(SolutionProperties) = preSolution
		HideSolutionNode = FALSE
	EndGlobalSection
	GlobalSection(ExtensibilityGlobals) = postSolution
		SolutionGuid = {47B2FC7A-8BA7-4B70-A377-F375D22450E9}
	EndGlobalSection
EndGlobal
