
Microsoft Visual Studio Solution File, Format Version 12.00
# Visual Studio Version 16
VisualStudioVersion = 16.0.30709.132
MinimumVisualStudioVersion = 10.0.40219.1
Project("{9A19103F-16F7-4668-BE54-9A1E7A4F7556}") = "FakeRESTApi.Web", "FakeRESTApi.Web\FakeRESTApi.Web.csproj", "{7836AD6C-506D-401D-A582-E52DCF6AE032}"
EndProject
Project("{FAE04EC0-301F-11D3-BF4B-00C04F79EFBC}") = "FakeRESTApi.Models", "FakeRESTApi.Models\FakeRESTApi.Models.csproj", "{593ABE93-EC17-491B-9DB1-94B8F249EE4A}"
EndProject
Global
	GlobalSection(SolutionConfigurationPlatforms) = preSolution
		Debug|Any CPU = Debug|Any CPU
		Release|Any CPU = Release|Any CPU
	EndGlobalSection
	GlobalSection(ProjectConfigurationPlatforms) = postSolution
		{7836AD6C-506D-401D-A582-E52DCF6AE032}.Debug|Any CPU.ActiveCfg = Debug|Any CPU
		{7836AD6C-506D-401D-A582-E52DCF6AE032}.Debug|Any CPU.Build.0 = Debug|Any CPU
		{7836AD6C-506D-401D-A582-E52DCF6AE032}.Release|Any CPU.ActiveCfg = Release|Any CPU
		{7836AD6C-506D-401D-A582-E52DCF6AE032}.Release|Any CPU.Build.0 = Release|Any CPU
		{593ABE93-EC17-491B-9DB1-94B8F249EE4A}.Debug|Any CPU.ActiveCfg = Debug|Any CPU
		{593ABE93-EC17-491B-9DB1-94B8F249EE4A}.Debug|Any CPU.Build.0 = Debug|Any CPU
		{593ABE93-EC17-491B-9DB1-94B8F249EE4A}.Release|Any CPU.ActiveCfg = Release|Any CPU
		{593ABE93-EC17-491B-9DB1-94B8F249EE4A}.Release|Any CPU.Build.0 = Release|Any CPU
	EndGlobalSection
	GlobalSection(SolutionProperties) = preSolution
		HideSolutionNode = FALSE
	EndGlobalSection
	GlobalSection(ExtensibilityGlobals) = postSolution
		SolutionGuid = {C946412B-302F-4B1A-B773-F3278E04E9BF}
	EndGlobalSection
EndGlobal
